
Microsoft Visual Studio Solution File, Format Version 12.00
# Visual Studio Version 17
VisualStudioVersion = 17.9.34701.34
MinimumVisualStudioVersion = 10.0.40219.1
Project("{9A19103F-16F7-4668-BE54-9A1E7A4F7556}") = "TicketSupportApp", "TicketSupportApp\TicketSupportApp\TicketSupportApp.csproj", "{5E4B9A01-090D-4C7F-B8D1-EA4752E813CD}"
EndProject
Project("{9A19103F-16F7-4668-BE54-9A1E7A4F7556}") = "TicketSupportApp.Client", "TicketSupportApp\TicketSupportApp.Client\TicketSupportApp.Client.csproj", "{19E1B045-AA38-4245-A2AB-2AB83B3145F4}"
EndProject
Global
	GlobalSection(SolutionConfigurationPlatforms) = preSolution
		Debug|Any CPU = Debug|Any CPU
		Release|Any CPU = Release|Any CPU
	EndGlobalSection
	GlobalSection(ProjectConfigurationPlatforms) = postSolution
		{5E4B9A01-090D-4C7F-B8D1-EA4752E813CD}.Debug|Any CPU.ActiveCfg = Debug|Any CPU
		{5E4B9A01-090D-4C7F-B8D1-EA4752E813CD}.Debug|Any CPU.Build.0 = Debug|Any CPU
		{5E4B9A01-090D-4C7F-B8D1-EA4752E813CD}.Release|Any CPU.ActiveCfg = Release|Any CPU
		{5E4B9A01-090D-4C7F-B8D1-EA4752E813CD}.Release|Any CPU.Build.0 = Release|Any CPU
		{19E1B045-AA38-4245-A2AB-2AB83B3145F4}.Debug|Any CPU.ActiveCfg = Debug|Any CPU
		{19E1B045-AA38-4245-A2AB-2AB83B3145F4}.Debug|Any CPU.Build.0 = Debug|Any CPU
		{19E1B045-AA38-4245-A2AB-2AB83B3145F4}.Release|Any CPU.ActiveCfg = Release|Any CPU
		{19E1B045-AA38-4245-A2AB-2AB83B3145F4}.Release|Any CPU.Build.0 = Release|Any CPU
	EndGlobalSection
	GlobalSection(SolutionProperties) = preSolution
		HideSolutionNode = FALSE
	EndGlobalSection
	GlobalSection(ExtensibilityGlobals) = postSolution
		SolutionGuid = {956642A7-D2AC-4238-B842-CEBC2B9E8357}
	EndGlobalSection
EndGlobal
